
Microsoft Visual Studio Solution File, Format Version 12.00
# Visual Studio Version 16
VisualStudioVersion = 16.0.32002.261
MinimumVisualStudioVersion = 10.0.40219.1
Project("{FAE04EC0-301F-11D3-BF4B-00C04F79EFBC}") = "Minimum Number of Refueling Stops", "Minimum Number of Refueling Stops\Minimum Number of Refueling Stops.csproj", "{831C3DE2-5ABA-435C-BEAF-07149FBC1BC6}"
EndProject
Global
	GlobalSection(SolutionConfigurationPlatforms) = preSolution
		Debug|Any CPU = Debug|Any CPU
		Release|Any CPU = Release|Any CPU
	EndGlobalSection
	GlobalSection(ProjectConfigurationPlatforms) = postSolution
		{831C3DE2-5ABA-435C-BEAF-07149FBC1BC6}.Debug|Any CPU.ActiveCfg = Debug|Any CPU
		{831C3DE2-5ABA-435C-BEAF-07149FBC1BC6}.Debug|Any CPU.Build.0 = Debug|Any CPU
		{831C3DE2-5ABA-435C-BEAF-07149FBC1BC6}.Release|Any CPU.ActiveCfg = Release|Any CPU
		{831C3DE2-5ABA-435C-BEAF-07149FBC1BC6}.Release|Any CPU.Build.0 = Release|Any CPU
	EndGlobalSection
	GlobalSection(SolutionProperties) = preSolution
		HideSolutionNode = FALSE
	EndGlobalSection
	GlobalSection(ExtensibilityGlobals) = postSolution
		SolutionGuid = {69C7805F-A880-49AF-99A3-C789AFE479F9}
	EndGlobalSection
EndGlobal
